// !$*UTF8*$!
{
	archiveVersion = 1;
	classes = {
	};
	objectVersion = 56;
	objects = {

/* Begin PBXBuildFile section */
		C2791B3B2A68EB8D009D0446 /* Nihilent_TaskApp.swift in Sources */ = {isa = PBXBuildFile; fileRef = C2791B3A2A68EB8D009D0446 /* Nihilent_TaskApp.swift */; };
		C2791B3F2A68EB90009D0446 /* Assets.xcassets in Resources */ = {isa = PBXBuildFile; fileRef = C2791B3E2A68EB90009D0446 /* Assets.xcassets */; };
		C2791B422A68EB90009D0446 /* Preview Assets.xcassets in Resources */ = {isa = PBXBuildFile; fileRef = C2791B412A68EB90009D0446 /* Preview Assets.xcassets */; };
		C2791B562A68EB90009D0446 /* Nihilent_TaskUITests.swift in Sources */ = {isa = PBXBuildFile; fileRef = C2791B552A68EB90009D0446 /* Nihilent_TaskUITests.swift */; };
		C2791B582A68EB90009D0446 /* Nihilent_TaskUITestsLaunchTests.swift in Sources */ = {isa = PBXBuildFile; fileRef = C2791B572A68EB90009D0446 /* Nihilent_TaskUITestsLaunchTests.swift */; };
		C2791B6C2A68ED39009D0446 /* MainTabView.swift in Sources */ = {isa = PBXBuildFile; fileRef = C2791B6B2A68ED39009D0446 /* MainTabView.swift */; };
		C2791B6E2A68EF6D009D0446 /* SFSymbols.swift in Sources */ = {isa = PBXBuildFile; fileRef = C2791B6D2A68EF6D009D0446 /* SFSymbols.swift */; };
		C2791B702A68F014009D0446 /* ProductView.swift in Sources */ = {isa = PBXBuildFile; fileRef = C2791B6F2A68F014009D0446 /* ProductView.swift */; };
		C2791B722A68F023009D0446 /* FavoriteView.swift in Sources */ = {isa = PBXBuildFile; fileRef = C2791B712A68F023009D0446 /* FavoriteView.swift */; };
		C2791B742A68F067009D0446 /* ProductDetailView.swift in Sources */ = {isa = PBXBuildFile; fileRef = C2791B732A68F067009D0446 /* ProductDetailView.swift */; };
		C2791B762A68F14A009D0446 /* ProductModel.swift in Sources */ = {isa = PBXBuildFile; fileRef = C2791B752A68F14A009D0446 /* ProductModel.swift */; };
		C2791B782A68F299009D0446 /* ProductViewModel.swift in Sources */ = {isa = PBXBuildFile; fileRef = C2791B772A68F299009D0446 /* ProductViewModel.swift */; };
		C2791B7A2A68F370009D0446 /* Service.swift in Sources */ = {isa = PBXBuildFile; fileRef = C2791B792A68F370009D0446 /* Service.swift */; };
		C2791B7C2A690474009D0446 /* EndPoint.swift in Sources */ = {isa = PBXBuildFile; fileRef = C2791B7B2A690474009D0446 /* EndPoint.swift */; };
		C2791B7E2A692734009D0446 /* AsyncImage.swift in Sources */ = {isa = PBXBuildFile; fileRef = C2791B7D2A692734009D0446 /* AsyncImage.swift */; };
		C2791B802A69372E009D0446 /* Data+Decode.swift in Sources */ = {isa = PBXBuildFile; fileRef = C2791B7F2A69372E009D0446 /* Data+Decode.swift */; };
		C2791B822A69385F009D0446 /* MainDispatchQueue+Decorator.swift in Sources */ = {isa = PBXBuildFile; fileRef = C2791B812A69385F009D0446 /* MainDispatchQueue+Decorator.swift */; };
		C2791B842A69388E009D0446 /* Result+Extension.swift in Sources */ = {isa = PBXBuildFile; fileRef = C2791B832A69388E009D0446 /* Result+Extension.swift */; };
		C2791B862A693CDE009D0446 /* URLConveritble+String.swift in Sources */ = {isa = PBXBuildFile; fileRef = C2791B852A693CDE009D0446 /* URLConveritble+String.swift */; };
		C2791B882A695D22009D0446 /* ImageLoader+ObservableObject.swift in Sources */ = {isa = PBXBuildFile; fileRef = C2791B872A695D22009D0446 /* ImageLoader+ObservableObject.swift */; };
		C2791B8A2A6965EC009D0446 /* ProductRow.swift in Sources */ = {isa = PBXBuildFile; fileRef = C2791B892A6965EC009D0446 /* ProductRow.swift */; };
		C2791B8C2A6968B9009D0446 /* View+Spacing.swift in Sources */ = {isa = PBXBuildFile; fileRef = C2791B8B2A6968B9009D0446 /* View+Spacing.swift */; };
		C2791B8E2A697E1B009D0446 /* URL+String.swift in Sources */ = {isa = PBXBuildFile; fileRef = C2791B8D2A697E1B009D0446 /* URL+String.swift */; };
		C2791B912A69A330009D0446 /* FavoriteProduct.xcdatamodeld in Sources */ = {isa = PBXBuildFile; fileRef = C2791B8F2A69A330009D0446 /* FavoriteProduct.xcdatamodeld */; };
		C2791B982A69A445009D0446 /* PersistantManager.swift in Sources */ = {isa = PBXBuildFile; fileRef = C2791B972A69A445009D0446 /* PersistantManager.swift */; };
		C2791B9A2A69A799009D0446 /* NError+Error.swift in Sources */ = {isa = PBXBuildFile; fileRef = C2791B992A69A799009D0446 /* NError+Error.swift */; };
		C2791B9C2A69A7BE009D0446 /* HTTPMethod.swift in Sources */ = {isa = PBXBuildFile; fileRef = C2791B9B2A69A7BE009D0446 /* HTTPMethod.swift */; };
		C2791B9E2A69B9F0009D0446 /* FavoriteItem.swift in Sources */ = {isa = PBXBuildFile; fileRef = C2791B9D2A69B9F0009D0446 /* FavoriteItem.swift */; };
		C2791BA02A69BAB8009D0446 /* CGFloat+Extension.swift in Sources */ = {isa = PBXBuildFile; fileRef = C2791B9F2A69BAB8009D0446 /* CGFloat+Extension.swift */; };
		C2791BA22A6A3E71009D0446 /* Collection+RemoveDuplicates.swift in Sources */ = {isa = PBXBuildFile; fileRef = C2791BA12A6A3E71009D0446 /* Collection+RemoveDuplicates.swift */; };
		C2791BA52A6A83F5009D0446 /* ProductViewModelTests.swift in Sources */ = {isa = PBXBuildFile; fileRef = C2791BA42A6A83F5009D0446 /* ProductViewModelTests.swift */; };
		C2791BA72A6A867F009D0446 /* TestHelpers.swift in Sources */ = {isa = PBXBuildFile; fileRef = C2791BA62A6A867F009D0446 /* TestHelpers.swift */; };
		C2791BA92A6A878A009D0446 /* XCTestCase+TrackingMemoryLeaks.swift in Sources */ = {isa = PBXBuildFile; fileRef = C2791BA82A6A878A009D0446 /* XCTestCase+TrackingMemoryLeaks.swift */; };
		C2791BAB2A6AA4BE009D0446 /* ProductModel.json in Resources */ = {isa = PBXBuildFile; fileRef = C2791BAA2A6AA4BE009D0446 /* ProductModel.json */; };
		C2791BAD2A6AA541009D0446 /* Bundle+Decode.swift in Sources */ = {isa = PBXBuildFile; fileRef = C2791BAC2A6AA541009D0446 /* Bundle+Decode.swift */; };
		C2791BAF2A6AB783009D0446 /* URLRequestConvertible+URLRequest.swift in Sources */ = {isa = PBXBuildFile; fileRef = C2791BAE2A6AB782009D0446 /* URLRequestConvertible+URLRequest.swift */; };
		C2791BB12A6AC040009D0446 /* DeleteButtonView.swift in Sources */ = {isa = PBXBuildFile; fileRef = C2791BB02A6AC040009D0446 /* DeleteButtonView.swift */; };
		C2791BB32A6AC067009D0446 /* RatingsView.swift in Sources */ = {isa = PBXBuildFile; fileRef = C2791BB22A6AC067009D0446 /* RatingsView.swift */; };
		C2791BB52A6AC0BF009D0446 /* Collection+Extension.swift in Sources */ = {isa = PBXBuildFile; fileRef = C2791BB42A6AC0BF009D0446 /* Collection+Extension.swift */; };
		C2791BB72A6AC17F009D0446 /* ItemView.swift in Sources */ = {isa = PBXBuildFile; fileRef = C2791BB62A6AC17F009D0446 /* ItemView.swift */; };
		C2791BB92A6AC23B009D0446 /* FavoriteButtonView.swift in Sources */ = {isa = PBXBuildFile; fileRef = C2791BB82A6AC23B009D0446 /* FavoriteButtonView.swift */; };
		C2791BBB2A6AC272009D0446 /* AddToCartButtonView.swift in Sources */ = {isa = PBXBuildFile; fileRef = C2791BBA2A6AC272009D0446 /* AddToCartButtonView.swift */; };
		C2791BBD2A6AC2CE009D0446 /* ManagedObjectInsertion.swift in Sources */ = {isa = PBXBuildFile; fileRef = C2791BBC2A6AC2CE009D0446 /* ManagedObjectInsertion.swift */; };
		C2791BD92A6ADAD0009D0446 /* ContentUnavailableView.swift in Sources */ = {isa = PBXBuildFile; fileRef = C2791BD82A6ADAD0009D0446 /* ContentUnavailableView.swift */; };
		C2791BDB2A6AE0F6009D0446 /* EnvironmentValues+ViewModifier.swift in Sources */ = {isa = PBXBuildFile; fileRef = C2791BDA2A6AE0F6009D0446 /* EnvironmentValues+ViewModifier.swift */; };
/* End PBXBuildFile section */

/* Begin PBXContainerItemProxy section */
		C2791B482A68EB90009D0446 /* PBXContainerItemProxy */ = {
			isa = PBXContainerItemProxy;
			containerPortal = C2791B2F2A68EB8D009D0446 /* Project object */;
			proxyType = 1;
			remoteGlobalIDString = C2791B362A68EB8D009D0446;
			remoteInfo = "Nihilent Task";
		};
		C2791B522A68EB90009D0446 /* PBXContainerItemProxy */ = {
			isa = PBXContainerItemProxy;
			containerPortal = C2791B2F2A68EB8D009D0446 /* Project object */;
			proxyType = 1;
			remoteGlobalIDString = C2791B362A68EB8D009D0446;
			remoteInfo = "Nihilent Task";
		};
/* End PBXContainerItemProxy section */

/* Begin PBXFileReference section */
		C2791B372A68EB8D009D0446 /* Nihilent Task.app */ = {isa = PBXFileReference; explicitFileType = wrapper.application; includeInIndex = 0; path = "Nihilent Task.app"; sourceTree = BUILT_PRODUCTS_DIR; };
		C2791B3A2A68EB8D009D0446 /* Nihilent_TaskApp.swift */ = {isa = PBXFileReference; lastKnownFileType = sourcecode.swift; path = Nihilent_TaskApp.swift; sourceTree = "<group>"; };
		C2791B3E2A68EB90009D0446 /* Assets.xcassets */ = {isa = PBXFileReference; lastKnownFileType = folder.assetcatalog; path = Assets.xcassets; sourceTree = "<group>"; };
		C2791B412A68EB90009D0446 /* Preview Assets.xcassets */ = {isa = PBXFileReference; lastKnownFileType = folder.assetcatalog; path = "Preview Assets.xcassets"; sourceTree = "<group>"; };
		C2791B472A68EB90009D0446 /* Nihilent TaskTests.xctest */ = {isa = PBXFileReference; explicitFileType = wrapper.cfbundle; includeInIndex = 0; path = "Nihilent TaskTests.xctest"; sourceTree = BUILT_PRODUCTS_DIR; };
		C2791B512A68EB90009D0446 /* Nihilent TaskUITests.xctest */ = {isa = PBXFileReference; explicitFileType = wrapper.cfbundle; includeInIndex = 0; path = "Nihilent TaskUITests.xctest"; sourceTree = BUILT_PRODUCTS_DIR; };
		C2791B552A68EB90009D0446 /* Nihilent_TaskUITests.swift */ = {isa = PBXFileReference; lastKnownFileType = sourcecode.swift; path = Nihilent_TaskUITests.swift; sourceTree = "<group>"; };
		C2791B572A68EB90009D0446 /* Nihilent_TaskUITestsLaunchTests.swift */ = {isa = PBXFileReference; lastKnownFileType = sourcecode.swift; path = Nihilent_TaskUITestsLaunchTests.swift; sourceTree = "<group>"; };
		C2791B6B2A68ED39009D0446 /* MainTabView.swift */ = {isa = PBXFileReference; lastKnownFileType = sourcecode.swift; path = MainTabView.swift; sourceTree = "<group>"; };
		C2791B6D2A68EF6D009D0446 /* SFSymbols.swift */ = {isa = PBXFileReference; lastKnownFileType = sourcecode.swift; path = SFSymbols.swift; sourceTree = "<group>"; };
		C2791B6F2A68F014009D0446 /* ProductView.swift */ = {isa = PBXFileReference; lastKnownFileType = sourcecode.swift; path = ProductView.swift; sourceTree = "<group>"; };
		C2791B712A68F023009D0446 /* FavoriteView.swift */ = {isa = PBXFileReference; lastKnownFileType = sourcecode.swift; path = FavoriteView.swift; sourceTree = "<group>"; };
		C2791B732A68F067009D0446 /* ProductDetailView.swift */ = {isa = PBXFileReference; lastKnownFileType = sourcecode.swift; path = ProductDetailView.swift; sourceTree = "<group>"; };
		C2791B752A68F14A009D0446 /* ProductModel.swift */ = {isa = PBXFileReference; lastKnownFileType = sourcecode.swift; path = ProductModel.swift; sourceTree = "<group>"; };
		C2791B772A68F299009D0446 /* ProductViewModel.swift */ = {isa = PBXFileReference; lastKnownFileType = sourcecode.swift; path = ProductViewModel.swift; sourceTree = "<group>"; };
		C2791B792A68F370009D0446 /* Service.swift */ = {isa = PBXFileReference; lastKnownFileType = sourcecode.swift; path = Service.swift; sourceTree = "<group>"; };
		C2791B7B2A690474009D0446 /* EndPoint.swift */ = {isa = PBXFileReference; lastKnownFileType = sourcecode.swift; path = EndPoint.swift; sourceTree = "<group>"; };
		C2791B7D2A692734009D0446 /* AsyncImage.swift */ = {isa = PBXFileReference; lastKnownFileType = sourcecode.swift; path = AsyncImage.swift; sourceTree = "<group>"; };
		C2791B7F2A69372E009D0446 /* Data+Decode.swift */ = {isa = PBXFileReference; lastKnownFileType = sourcecode.swift; path = "Data+Decode.swift"; sourceTree = "<group>"; };
		C2791B812A69385F009D0446 /* MainDispatchQueue+Decorator.swift */ = {isa = PBXFileReference; lastKnownFileType = sourcecode.swift; path = "MainDispatchQueue+Decorator.swift"; sourceTree = "<group>"; };
		C2791B832A69388E009D0446 /* Result+Extension.swift */ = {isa = PBXFileReference; lastKnownFileType = sourcecode.swift; path = "Result+Extension.swift"; sourceTree = "<group>"; };
		C2791B852A693CDE009D0446 /* URLConveritble+String.swift */ = {isa = PBXFileReference; lastKnownFileType = sourcecode.swift; path = "URLConveritble+String.swift"; sourceTree = "<group>"; };
		C2791B872A695D22009D0446 /* ImageLoader+ObservableObject.swift */ = {isa = PBXFileReference; lastKnownFileType = sourcecode.swift; path = "ImageLoader+ObservableObject.swift"; sourceTree = "<group>"; };
		C2791B892A6965EC009D0446 /* ProductRow.swift */ = {isa = PBXFileReference; lastKnownFileType = sourcecode.swift; path = ProductRow.swift; sourceTree = "<group>"; };
		C2791B8B2A6968B9009D0446 /* View+Spacing.swift */ = {isa = PBXFileReference; lastKnownFileType = sourcecode.swift; path = "View+Spacing.swift"; sourceTree = "<group>"; };
		C2791B8D2A697E1B009D0446 /* URL+String.swift */ = {isa = PBXFileReference; lastKnownFileType = sourcecode.swift; path = "URL+String.swift"; sourceTree = "<group>"; };
		C2791B902A69A330009D0446 /* FavoriteProduct.xcdatamodel */ = {isa = PBXFileReference; lastKnownFileType = wrapper.xcdatamodel; path = FavoriteProduct.xcdatamodel; sourceTree = "<group>"; };
		C2791B972A69A445009D0446 /* PersistantManager.swift */ = {isa = PBXFileReference; lastKnownFileType = sourcecode.swift; path = PersistantManager.swift; sourceTree = "<group>"; };
		C2791B992A69A799009D0446 /* NError+Error.swift */ = {isa = PBXFileReference; lastKnownFileType = sourcecode.swift; path = "NError+Error.swift"; sourceTree = "<group>"; };
		C2791B9B2A69A7BE009D0446 /* HTTPMethod.swift */ = {isa = PBXFileReference; lastKnownFileType = sourcecode.swift; path = HTTPMethod.swift; sourceTree = "<group>"; };
		C2791B9D2A69B9F0009D0446 /* FavoriteItem.swift */ = {isa = PBXFileReference; lastKnownFileType = sourcecode.swift; path = FavoriteItem.swift; sourceTree = "<group>"; };
		C2791B9F2A69BAB8009D0446 /* CGFloat+Extension.swift */ = {isa = PBXFileReference; lastKnownFileType = sourcecode.swift; path = "CGFloat+Extension.swift"; sourceTree = "<group>"; };
		C2791BA12A6A3E71009D0446 /* Collection+RemoveDuplicates.swift */ = {isa = PBXFileReference; lastKnownFileType = sourcecode.swift; path = "Collection+RemoveDuplicates.swift"; sourceTree = "<group>"; };
		C2791BA32A6A83F5009D0446 /* Nihilent TaskTests-Bridging-Header.h */ = {isa = PBXFileReference; lastKnownFileType = sourcecode.c.h; path = "Nihilent TaskTests-Bridging-Header.h"; sourceTree = "<group>"; };
		C2791BA42A6A83F5009D0446 /* ProductViewModelTests.swift */ = {isa = PBXFileReference; lastKnownFileType = sourcecode.swift; path = ProductViewModelTests.swift; sourceTree = "<group>"; };
		C2791BA62A6A867F009D0446 /* TestHelpers.swift */ = {isa = PBXFileReference; lastKnownFileType = sourcecode.swift; path = TestHelpers.swift; sourceTree = "<group>"; };
		C2791BA82A6A878A009D0446 /* XCTestCase+TrackingMemoryLeaks.swift */ = {isa = PBXFileReference; lastKnownFileType = sourcecode.swift; path = "XCTestCase+TrackingMemoryLeaks.swift"; sourceTree = "<group>"; };
		C2791BAA2A6AA4BE009D0446 /* ProductModel.json */ = {isa = PBXFileReference; lastKnownFileType = text.json; path = ProductModel.json; sourceTree = "<group>"; };
		C2791BAC2A6AA541009D0446 /* Bundle+Decode.swift */ = {isa = PBXFileReference; lastKnownFileType = sourcecode.swift; path = "Bundle+Decode.swift"; sourceTree = "<group>"; };
		C2791BAE2A6AB782009D0446 /* URLRequestConvertible+URLRequest.swift */ = {isa = PBXFileReference; lastKnownFileType = sourcecode.swift; path = "URLRequestConvertible+URLRequest.swift"; sourceTree = "<group>"; };
		C2791BB02A6AC040009D0446 /* DeleteButtonView.swift */ = {isa = PBXFileReference; lastKnownFileType = sourcecode.swift; path = DeleteButtonView.swift; sourceTree = "<group>"; };
		C2791BB22A6AC067009D0446 /* RatingsView.swift */ = {isa = PBXFileReference; lastKnownFileType = sourcecode.swift; path = RatingsView.swift; sourceTree = "<group>"; };
		C2791BB42A6AC0BF009D0446 /* Collection+Extension.swift */ = {isa = PBXFileReference; lastKnownFileType = sourcecode.swift; path = "Collection+Extension.swift"; sourceTree = "<group>"; };
		C2791BB62A6AC17F009D0446 /* ItemView.swift */ = {isa = PBXFileReference; lastKnownFileType = sourcecode.swift; path = ItemView.swift; sourceTree = "<group>"; };
		C2791BB82A6AC23B009D0446 /* FavoriteButtonView.swift */ = {isa = PBXFileReference; lastKnownFileType = sourcecode.swift; path = FavoriteButtonView.swift; sourceTree = "<group>"; };
		C2791BBA2A6AC272009D0446 /* AddToCartButtonView.swift */ = {isa = PBXFileReference; lastKnownFileType = sourcecode.swift; path = AddToCartButtonView.swift; sourceTree = "<group>"; };
		C2791BBC2A6AC2CE009D0446 /* ManagedObjectInsertion.swift */ = {isa = PBXFileReference; lastKnownFileType = sourcecode.swift; path = ManagedObjectInsertion.swift; sourceTree = "<group>"; };
		C2791BD82A6ADAD0009D0446 /* ContentUnavailableView.swift */ = {isa = PBXFileReference; lastKnownFileType = sourcecode.swift; path = ContentUnavailableView.swift; sourceTree = "<group>"; };
		C2791BDA2A6AE0F6009D0446 /* EnvironmentValues+ViewModifier.swift */ = {isa = PBXFileReference; lastKnownFileType = sourcecode.swift; path = "EnvironmentValues+ViewModifier.swift"; sourceTree = "<group>"; };
/* End PBXFileReference section */

/* Begin PBXFrameworksBuildPhase section */
		C2791B342A68EB8D009D0446 /* Frameworks */ = {
			isa = PBXFrameworksBuildPhase;
			buildActionMask = 2147483647;
			files = (
			);
			runOnlyForDeploymentPostprocessing = 0;
		};
		C2791B442A68EB90009D0446 /* Frameworks */ = {
			isa = PBXFrameworksBuildPhase;
			buildActionMask = 2147483647;
			files = (
			);
			runOnlyForDeploymentPostprocessing = 0;
		};
		C2791B4E2A68EB90009D0446 /* Frameworks */ = {
			isa = PBXFrameworksBuildPhase;
			buildActionMask = 2147483647;
			files = (
			);
			runOnlyForDeploymentPostprocessing = 0;
		};
/* End PBXFrameworksBuildPhase section */

/* Begin PBXGroup section */
		C2791B2E2A68EB8D009D0446 = {
			isa = PBXGroup;
			children = (
				C2791B392A68EB8D009D0446 /* Nihilent Task */,
				C2791B4A2A68EB90009D0446 /* Nihilent TaskTests */,
				C2791B542A68EB90009D0446 /* Nihilent TaskUITests */,
				C2791B382A68EB8D009D0446 /* Products */,
			);
			sourceTree = "<group>";
		};
		C2791B382A68EB8D009D0446 /* Products */ = {
			isa = PBXGroup;
			children = (
				C2791B372A68EB8D009D0446 /* Nihilent Task.app */,
				C2791B472A68EB90009D0446 /* Nihilent TaskTests.xctest */,
				C2791B512A68EB90009D0446 /* Nihilent TaskUITests.xctest */,
			);
			name = Products;
			sourceTree = "<group>";
		};
		C2791B392A68EB8D009D0446 /* Nihilent Task */ = {
			isa = PBXGroup;
			children = (
				C2791B6A2A68EBDA009D0446 /* Main */,
				C2791B642A68EBA0009D0446 /* Model */,
				C2791B662A68EBAB009D0446 /* View */,
				C2791B652A68EBA7009D0446 /* ViewModel */,
				C2791B672A68EBB9009D0446 /* Service Layer */,
				C2791B682A68EBC1009D0446 /* Common */,
				C2791B962A69A417009D0446 /* Persistant Manager */,
				C2791B692A68EBCE009D0446 /* Resources */,
				C2791B402A68EB90009D0446 /* Preview Content */,
			);
			path = "Nihilent Task";
			sourceTree = "<group>";
		};
		C2791B402A68EB90009D0446 /* Preview Content */ = {
			isa = PBXGroup;
			children = (
				C2791B412A68EB90009D0446 /* Preview Assets.xcassets */,
			);
			path = "Preview Content";
			sourceTree = "<group>";
		};
		C2791B4A2A68EB90009D0446 /* Nihilent TaskTests */ = {
			isa = PBXGroup;
			children = (
				C2791BA82A6A878A009D0446 /* XCTestCase+TrackingMemoryLeaks.swift */,
				C2791BA42A6A83F5009D0446 /* ProductViewModelTests.swift */,
				C2791BA62A6A867F009D0446 /* TestHelpers.swift */,
				C2791BA32A6A83F5009D0446 /* Nihilent TaskTests-Bridging-Header.h */,
				C2791BAA2A6AA4BE009D0446 /* ProductModel.json */,
				C2791BAC2A6AA541009D0446 /* Bundle+Decode.swift */,
			);
			path = "Nihilent TaskTests";
			sourceTree = "<group>";
		};
		C2791B542A68EB90009D0446 /* Nihilent TaskUITests */ = {
			isa = PBXGroup;
			children = (
				C2791B552A68EB90009D0446 /* Nihilent_TaskUITests.swift */,
				C2791B572A68EB90009D0446 /* Nihilent_TaskUITestsLaunchTests.swift */,
			);
			path = "Nihilent TaskUITests";
			sourceTree = "<group>";
		};
		C2791B642A68EBA0009D0446 /* Model */ = {
			isa = PBXGroup;
			children = (
				C2791B752A68F14A009D0446 /* ProductModel.swift */,
			);
			path = Model;
			sourceTree = "<group>";
		};
		C2791B652A68EBA7009D0446 /* ViewModel */ = {
			isa = PBXGroup;
			children = (
				C2791B772A68F299009D0446 /* ProductViewModel.swift */,
			);
			path = ViewModel;
			sourceTree = "<group>";
		};
		C2791B662A68EBAB009D0446 /* View */ = {
			isa = PBXGroup;
			children = (
				C2791B712A68F023009D0446 /* FavoriteView.swift */,
				C2791B6B2A68ED39009D0446 /* MainTabView.swift */,
				C2791B6F2A68F014009D0446 /* ProductView.swift */,
				C2791B892A6965EC009D0446 /* ProductRow.swift */,
				C2791B732A68F067009D0446 /* ProductDetailView.swift */,
				C2791B9D2A69B9F0009D0446 /* FavoriteItem.swift */,
				C2791BB02A6AC040009D0446 /* DeleteButtonView.swift */,
				C2791BB22A6AC067009D0446 /* RatingsView.swift */,
				C2791BB62A6AC17F009D0446 /* ItemView.swift */,
				C2791BB82A6AC23B009D0446 /* FavoriteButtonView.swift */,
				C2791BBA2A6AC272009D0446 /* AddToCartButtonView.swift */,
				C2791BD82A6ADAD0009D0446 /* ContentUnavailableView.swift */,
				C2791BBC2A6AC2CE009D0446 /* ManagedObjectInsertion.swift */,
			);
			path = View;
			sourceTree = "<group>";
		};
		C2791B672A68EBB9009D0446 /* Service Layer */ = {
			isa = PBXGroup;
			children = (
				C2791B792A68F370009D0446 /* Service.swift */,
			);
			path = "Service Layer";
			sourceTree = "<group>";
		};
		C2791B682A68EBC1009D0446 /* Common */ = {
			isa = PBXGroup;
			children = (
				C2791B7D2A692734009D0446 /* AsyncImage.swift */,
				C2791B7F2A69372E009D0446 /* Data+Decode.swift */,
				C2791B7B2A690474009D0446 /* EndPoint.swift */,
				C2791B872A695D22009D0446 /* ImageLoader+ObservableObject.swift */,
				C2791B812A69385F009D0446 /* MainDispatchQueue+Decorator.swift */,
				C2791B832A69388E009D0446 /* Result+Extension.swift */,
				C2791B6D2A68EF6D009D0446 /* SFSymbols.swift */,
				C2791B852A693CDE009D0446 /* URLConveritble+String.swift */,
				C2791B8B2A6968B9009D0446 /* View+Spacing.swift */,
				C2791B8D2A697E1B009D0446 /* URL+String.swift */,
				C2791B992A69A799009D0446 /* NError+Error.swift */,
				C2791B9B2A69A7BE009D0446 /* HTTPMethod.swift */,
				C2791B9F2A69BAB8009D0446 /* CGFloat+Extension.swift */,
				C2791BA12A6A3E71009D0446 /* Collection+RemoveDuplicates.swift */,
				C2791BAE2A6AB782009D0446 /* URLRequestConvertible+URLRequest.swift */,
				C2791BB42A6AC0BF009D0446 /* Collection+Extension.swift */,
				C2791BDA2A6AE0F6009D0446 /* EnvironmentValues+ViewModifier.swift */,
			);
			path = Common;
			sourceTree = "<group>";
		};
		C2791B692A68EBCE009D0446 /* Resources */ = {
			isa = PBXGroup;
			children = (
				C2791B8F2A69A330009D0446 /* FavoriteProduct.xcdatamodeld */,
				C2791B3E2A68EB90009D0446 /* Assets.xcassets */,
			);
			path = Resources;
			sourceTree = "<group>";
		};
		C2791B6A2A68EBDA009D0446 /* Main */ = {
			isa = PBXGroup;
			children = (
				C2791B3A2A68EB8D009D0446 /* Nihilent_TaskApp.swift */,
			);
			path = Main;
			sourceTree = "<group>";
		};
		C2791B962A69A417009D0446 /* Persistant Manager */ = {
			isa = PBXGroup;
			children = (
				C2791B972A69A445009D0446 /* PersistantManager.swift */,
			);
			path = "Persistant Manager";
			sourceTree = "<group>";
		};
/* End PBXGroup section */

/* Begin PBXNativeTarget section */
		C2791B362A68EB8D009D0446 /* Nihilent Task */ = {
			isa = PBXNativeTarget;
			buildConfigurationList = C2791B5B2A68EB90009D0446 /* Build configuration list for PBXNativeTarget "Nihilent Task" */;
			buildPhases = (
				C2791B332A68EB8D009D0446 /* Sources */,
				C2791B342A68EB8D009D0446 /* Frameworks */,
				C2791B352A68EB8D009D0446 /* Resources */,
			);
			buildRules = (
			);
			dependencies = (
			);
			name = "Nihilent Task";
			productName = "Nihilent Task";
			productReference = C2791B372A68EB8D009D0446 /* Nihilent Task.app */;
			productType = "com.apple.product-type.application";
		};
		C2791B462A68EB90009D0446 /* Nihilent TaskTests */ = {
			isa = PBXNativeTarget;
			buildConfigurationList = C2791B5E2A68EB90009D0446 /* Build configuration list for PBXNativeTarget "Nihilent TaskTests" */;
			buildPhases = (
				C2791B432A68EB90009D0446 /* Sources */,
				C2791B442A68EB90009D0446 /* Frameworks */,
				C2791B452A68EB90009D0446 /* Resources */,
			);
			buildRules = (
			);
			dependencies = (
				C2791B492A68EB90009D0446 /* PBXTargetDependency */,
			);
			name = "Nihilent TaskTests";
			productName = "Nihilent TaskTests";
			productReference = C2791B472A68EB90009D0446 /* Nihilent TaskTests.xctest */;
			productType = "com.apple.product-type.bundle.unit-test";
		};
		C2791B502A68EB90009D0446 /* Nihilent TaskUITests */ = {
			isa = PBXNativeTarget;
			buildConfigurationList = C2791B612A68EB90009D0446 /* Build configuration list for PBXNativeTarget "Nihilent TaskUITests" */;
			buildPhases = (
				C2791B4D2A68EB90009D0446 /* Sources */,
				C2791B4E2A68EB90009D0446 /* Frameworks */,
				C2791B4F2A68EB90009D0446 /* Resources */,
			);
			buildRules = (
			);
			dependencies = (
				C2791B532A68EB90009D0446 /* PBXTargetDependency */,
			);
			name = "Nihilent TaskUITests";
			productName = "Nihilent TaskUITests";
			productReference = C2791B512A68EB90009D0446 /* Nihilent TaskUITests.xctest */;
			productType = "com.apple.product-type.bundle.ui-testing";
		};
/* End PBXNativeTarget section */

/* Begin PBXProject section */
		C2791B2F2A68EB8D009D0446 /* Project object */ = {
			isa = PBXProject;
			attributes = {
				BuildIndependentTargetsInParallel = 1;
				LastSwiftUpdateCheck = 1410;
				LastUpgradeCheck = 1410;
				TargetAttributes = {
					C2791B362A68EB8D009D0446 = {
						CreatedOnToolsVersion = 14.1;
					};
					C2791B462A68EB90009D0446 = {
						CreatedOnToolsVersion = 14.1;
						LastSwiftMigration = 1410;
						TestTargetID = C2791B362A68EB8D009D0446;
					};
					C2791B502A68EB90009D0446 = {
						CreatedOnToolsVersion = 14.1;
						TestTargetID = C2791B362A68EB8D009D0446;
					};
				};
			};
			buildConfigurationList = C2791B322A68EB8D009D0446 /* Build configuration list for PBXProject "Nihilent Task" */;
			compatibilityVersion = "Xcode 14.0";
			developmentRegion = en;
			hasScannedForEncodings = 0;
			knownRegions = (
				en,
				Base,
			);
			mainGroup = C2791B2E2A68EB8D009D0446;
			productRefGroup = C2791B382A68EB8D009D0446 /* Products */;
			projectDirPath = "";
			projectRoot = "";
			targets = (
				C2791B362A68EB8D009D0446 /* Nihilent Task */,
				C2791B462A68EB90009D0446 /* Nihilent TaskTests */,
				C2791B502A68EB90009D0446 /* Nihilent TaskUITests */,
			);
		};
/* End PBXProject section */

/* Begin PBXResourcesBuildPhase section */
		C2791B352A68EB8D009D0446 /* Resources */ = {
			isa = PBXResourcesBuildPhase;
			buildActionMask = 2147483647;
			files = (
				C2791B422A68EB90009D0446 /* Preview Assets.xcassets in Resources */,
				C2791B3F2A68EB90009D0446 /* Assets.xcassets in Resources */,
			);
			runOnlyForDeploymentPostprocessing = 0;
		};
		C2791B452A68EB90009D0446 /* Resources */ = {
			isa = PBXResourcesBuildPhase;
			buildActionMask = 2147483647;
			files = (
				C2791BAB2A6AA4BE009D0446 /* ProductModel.json in Resources */,
			);
			runOnlyForDeploymentPostprocessing = 0;
		};
		C2791B4F2A68EB90009D0446 /* Resources */ = {
			isa = PBXResourcesBuildPhase;
			buildActionMask = 2147483647;
			files = (
			);
			runOnlyForDeploymentPostprocessing = 0;
		};
/* End PBXResourcesBuildPhase section */

/* Begin PBXSourcesBuildPhase section */
		C2791B332A68EB8D009D0446 /* Sources */ = {
			isa = PBXSourcesBuildPhase;
			buildActionMask = 2147483647;
			files = (
				C2791B8C2A6968B9009D0446 /* View+Spacing.swift in Sources */,
				C2791B702A68F014009D0446 /* ProductView.swift in Sources */,
				C2791B802A69372E009D0446 /* Data+Decode.swift in Sources */,
				C2791B822A69385F009D0446 /* MainDispatchQueue+Decorator.swift in Sources */,
				C2791BBD2A6AC2CE009D0446 /* ManagedObjectInsertion.swift in Sources */,
				C2791BA02A69BAB8009D0446 /* CGFloat+Extension.swift in Sources */,
				C2791B6E2A68EF6D009D0446 /* SFSymbols.swift in Sources */,
				C2791B912A69A330009D0446 /* FavoriteProduct.xcdatamodeld in Sources */,
				C2791B7C2A690474009D0446 /* EndPoint.swift in Sources */,
				C2791B862A693CDE009D0446 /* URLConveritble+String.swift in Sources */,
				C2791BD92A6ADAD0009D0446 /* ContentUnavailableView.swift in Sources */,
				C2791BBB2A6AC272009D0446 /* AddToCartButtonView.swift in Sources */,
				C2791BA22A6A3E71009D0446 /* Collection+RemoveDuplicates.swift in Sources */,
				C2791BB92A6AC23B009D0446 /* FavoriteButtonView.swift in Sources */,
				C2791B882A695D22009D0446 /* ImageLoader+ObservableObject.swift in Sources */,
				C2791BB12A6AC040009D0446 /* DeleteButtonView.swift in Sources */,
				C2791B8E2A697E1B009D0446 /* URL+String.swift in Sources */,
				C2791BDB2A6AE0F6009D0446 /* EnvironmentValues+ViewModifier.swift in Sources */,
				C2791B3B2A68EB8D009D0446 /* Nihilent_TaskApp.swift in Sources */,
				C2791B842A69388E009D0446 /* Result+Extension.swift in Sources */,
				C2791BB32A6AC067009D0446 /* RatingsView.swift in Sources */,
				C2791B722A68F023009D0446 /* FavoriteView.swift in Sources */,
				C2791B982A69A445009D0446 /* PersistantManager.swift in Sources */,
				C2791B8A2A6965EC009D0446 /* ProductRow.swift in Sources */,
				C2791BB52A6AC0BF009D0446 /* Collection+Extension.swift in Sources */,
				C2791B7E2A692734009D0446 /* AsyncImage.swift in Sources */,
				C2791BAF2A6AB783009D0446 /* URLRequestConvertible+URLRequest.swift in Sources */,
				C2791B6C2A68ED39009D0446 /* MainTabView.swift in Sources */,
				C2791B7A2A68F370009D0446 /* Service.swift in Sources */,
				C2791BB72A6AC17F009D0446 /* ItemView.swift in Sources */,
				C2791B762A68F14A009D0446 /* ProductModel.swift in Sources */,
				C2791B782A68F299009D0446 /* ProductViewModel.swift in Sources */,
				C2791B9E2A69B9F0009D0446 /* FavoriteItem.swift in Sources */,
				C2791B9C2A69A7BE009D0446 /* HTTPMethod.swift in Sources */,
				C2791B9A2A69A799009D0446 /* NError+Error.swift in Sources */,
				C2791B742A68F067009D0446 /* ProductDetailView.swift in Sources */,
			);
			runOnlyForDeploymentPostprocessing = 0;
		};
		C2791B432A68EB90009D0446 /* Sources */ = {
			isa = PBXSourcesBuildPhase;
			buildActionMask = 2147483647;
			files = (
				C2791BA52A6A83F5009D0446 /* ProductViewModelTests.swift in Sources */,
				C2791BA92A6A878A009D0446 /* XCTestCase+TrackingMemoryLeaks.swift in Sources */,
				C2791BA72A6A867F009D0446 /* TestHelpers.swift in Sources */,
				C2791BAD2A6AA541009D0446 /* Bundle+Decode.swift in Sources */,
			);
			runOnlyForDeploymentPostprocessing = 0;
		};
		C2791B4D2A68EB90009D0446 /* Sources */ = {
			isa = PBXSourcesBuildPhase;
			buildActionMask = 2147483647;
			files = (
				C2791B582A68EB90009D0446 /* Nihilent_TaskUITestsLaunchTests.swift in Sources */,
				C2791B562A68EB90009D0446 /* Nihilent_TaskUITests.swift in Sources */,
			);
			runOnlyForDeploymentPostprocessing = 0;
		};
/* End PBXSourcesBuildPhase section */

/* Begin PBXTargetDependency section */
		C2791B492A68EB90009D0446 /* PBXTargetDependency */ = {
			isa = PBXTargetDependency;
			target = C2791B362A68EB8D009D0446 /* Nihilent Task */;
			targetProxy = C2791B482A68EB90009D0446 /* PBXContainerItemProxy */;
		};
		C2791B532A68EB90009D0446 /* PBXTargetDependency */ = {
			isa = PBXTargetDependency;
			target = C2791B362A68EB8D009D0446 /* Nihilent Task */;
			targetProxy = C2791B522A68EB90009D0446 /* PBXContainerItemProxy */;
		};
/* End PBXTargetDependency section */

/* Begin XCBuildConfiguration section */
		C2791B592A68EB90009D0446 /* Debug */ = {
			isa = XCBuildConfiguration;
			buildSettings = {
				ALWAYS_SEARCH_USER_PATHS = NO;
				CLANG_ANALYZER_NONNULL = YES;
				CLANG_ANALYZER_NUMBER_OBJECT_CONVERSION = YES_AGGRESSIVE;
				CLANG_CXX_LANGUAGE_STANDARD = "gnu++20";
				CLANG_ENABLE_MODULES = YES;
				CLANG_ENABLE_OBJC_ARC = YES;
				CLANG_ENABLE_OBJC_WEAK = YES;
				CLANG_WARN_BLOCK_CAPTURE_AUTORELEASING = YES;
				CLANG_WARN_BOOL_CONVERSION = YES;
				CLANG_WARN_COMMA = YES;
				CLANG_WARN_CONSTANT_CONVERSION = YES;
				CLANG_WARN_DEPRECATED_OBJC_IMPLEMENTATIONS = YES;
				CLANG_WARN_DIRECT_OBJC_ISA_USAGE = YES_ERROR;
				CLANG_WARN_DOCUMENTATION_COMMENTS = YES;
				CLANG_WARN_EMPTY_BODY = YES;
				CLANG_WARN_ENUM_CONVERSION = YES;
				CLANG_WARN_INFINITE_RECURSION = YES;
				CLANG_WARN_INT_CONVERSION = YES;
				CLANG_WARN_NON_LITERAL_NULL_CONVERSION = YES;
				CLANG_WARN_OBJC_IMPLICIT_RETAIN_SELF = YES;
				CLANG_WARN_OBJC_LITERAL_CONVERSION = YES;
				CLANG_WARN_OBJC_ROOT_CLASS = YES_ERROR;
				CLANG_WARN_QUOTED_INCLUDE_IN_FRAMEWORK_HEADER = YES;
				CLANG_WARN_RANGE_LOOP_ANALYSIS = YES;
				CLANG_WARN_STRICT_PROTOTYPES = YES;
				CLANG_WARN_SUSPICIOUS_MOVE = YES;
				CLANG_WARN_UNGUARDED_AVAILABILITY = YES_AGGRESSIVE;
				CLANG_WARN_UNREACHABLE_CODE = YES;
				CLANG_WARN__DUPLICATE_METHOD_MATCH = YES;
				COPY_PHASE_STRIP = NO;
				DEBUG_INFORMATION_FORMAT = dwarf;
				ENABLE_STRICT_OBJC_MSGSEND = YES;
				ENABLE_TESTABILITY = YES;
				GCC_C_LANGUAGE_STANDARD = gnu11;
				GCC_DYNAMIC_NO_PIC = NO;
				GCC_NO_COMMON_BLOCKS = YES;
				GCC_OPTIMIZATION_LEVEL = 0;
				GCC_PREPROCESSOR_DEFINITIONS = (
					"DEBUG=1",
					"$(inherited)",
				);
				GCC_WARN_64_TO_32_BIT_CONVERSION = YES;
				GCC_WARN_ABOUT_RETURN_TYPE = YES_ERROR;
				GCC_WARN_UNDECLARED_SELECTOR = YES;
				GCC_WARN_UNINITIALIZED_AUTOS = YES_AGGRESSIVE;
				GCC_WARN_UNUSED_FUNCTION = YES;
				GCC_WARN_UNUSED_VARIABLE = YES;
				IPHONEOS_DEPLOYMENT_TARGET = 16.1;
				MTL_ENABLE_DEBUG_INFO = INCLUDE_SOURCE;
				MTL_FAST_MATH = YES;
				ONLY_ACTIVE_ARCH = YES;
				SDKROOT = iphoneos;
				SWIFT_ACTIVE_COMPILATION_CONDITIONS = DEBUG;
				SWIFT_OPTIMIZATION_LEVEL = "-Onone";
			};
			name = Debug;
		};
		C2791B5A2A68EB90009D0446 /* Release */ = {
			isa = XCBuildConfiguration;
			buildSettings = {
				ALWAYS_SEARCH_USER_PATHS = NO;
				CLANG_ANALYZER_NONNULL = YES;
				CLANG_ANALYZER_NUMBER_OBJECT_CONVERSION = YES_AGGRESSIVE;
				CLANG_CXX_LANGUAGE_STANDARD = "gnu++20";
				CLANG_ENABLE_MODULES = YES;
				CLANG_ENABLE_OBJC_ARC = YES;
				CLANG_ENABLE_OBJC_WEAK = YES;
				CLANG_WARN_BLOCK_CAPTURE_AUTORELEASING = YES;
				CLANG_WARN_BOOL_CONVERSION = YES;
				CLANG_WARN_COMMA = YES;
				CLANG_WARN_CONSTANT_CONVERSION = YES;
				CLANG_WARN_DEPRECATED_OBJC_IMPLEMENTATIONS = YES;
				CLANG_WARN_DIRECT_OBJC_ISA_USAGE = YES_ERROR;
				CLANG_WARN_DOCUMENTATION_COMMENTS = YES;
				CLANG_WARN_EMPTY_BODY = YES;
				CLANG_WARN_ENUM_CONVERSION = YES;
				CLANG_WARN_INFINITE_RECURSION = YES;
				CLANG_WARN_INT_CONVERSION = YES;
				CLANG_WARN_NON_LITERAL_NULL_CONVERSION = YES;
				CLANG_WARN_OBJC_IMPLICIT_RETAIN_SELF = YES;
				CLANG_WARN_OBJC_LITERAL_CONVERSION = YES;
				CLANG_WARN_OBJC_ROOT_CLASS = YES_ERROR;
				CLANG_WARN_QUOTED_INCLUDE_IN_FRAMEWORK_HEADER = YES;
				CLANG_WARN_RANGE_LOOP_ANALYSIS = YES;
				CLANG_WARN_STRICT_PROTOTYPES = YES;
				CLANG_WARN_SUSPICIOUS_MOVE = YES;
				CLANG_WARN_UNGUARDED_AVAILABILITY = YES_AGGRESSIVE;
				CLANG_WARN_UNREACHABLE_CODE = YES;
				CLANG_WARN__DUPLICATE_METHOD_MATCH = YES;
				COPY_PHASE_STRIP = NO;
				DEBUG_INFORMATION_FORMAT = "dwarf-with-dsym";
				ENABLE_NS_ASSERTIONS = NO;
				ENABLE_STRICT_OBJC_MSGSEND = YES;
				GCC_C_LANGUAGE_STANDARD = gnu11;
				GCC_NO_COMMON_BLOCKS = YES;
				GCC_WARN_64_TO_32_BIT_CONVERSION = YES;
				GCC_WARN_ABOUT_RETURN_TYPE = YES_ERROR;
				GCC_WARN_UNDECLARED_SELECTOR = YES;
				GCC_WARN_UNINITIALIZED_AUTOS = YES_AGGRESSIVE;
				GCC_WARN_UNUSED_FUNCTION = YES;
				GCC_WARN_UNUSED_VARIABLE = YES;
				IPHONEOS_DEPLOYMENT_TARGET = 16.1;
				MTL_ENABLE_DEBUG_INFO = NO;
				MTL_FAST_MATH = YES;
				SDKROOT = iphoneos;
				SWIFT_COMPILATION_MODE = wholemodule;
				SWIFT_OPTIMIZATION_LEVEL = "-O";
				VALIDATE_PRODUCT = YES;
			};
			name = Release;
		};
		C2791B5C2A68EB90009D0446 /* Debug */ = {
			isa = XCBuildConfiguration;
			buildSettings = {
				ASSETCATALOG_COMPILER_APPICON_NAME = AppIcon;
				ASSETCATALOG_COMPILER_GLOBAL_ACCENT_COLOR_NAME = AccentColor;
				CODE_SIGN_STYLE = Automatic;
				CURRENT_PROJECT_VERSION = 1;
				DEVELOPMENT_ASSET_PATHS = "\"Nihilent Task/Preview Content\"";
				DEVELOPMENT_TEAM = CJHJ6PHVTM;
				ENABLE_PREVIEWS = YES;
				GENERATE_INFOPLIST_FILE = YES;
				INFOPLIST_KEY_UIApplicationSceneManifest_Generation = YES;
				INFOPLIST_KEY_UIApplicationSupportsIndirectInputEvents = YES;
				INFOPLIST_KEY_UILaunchScreen_Generation = YES;
				INFOPLIST_KEY_UISupportedInterfaceOrientations_iPad = "UIInterfaceOrientationPortrait UIInterfaceOrientationPortraitUpsideDown UIInterfaceOrientationLandscapeLeft UIInterfaceOrientationLandscapeRight";
				INFOPLIST_KEY_UISupportedInterfaceOrientations_iPhone = "UIInterfaceOrientationPortrait UIInterfaceOrientationLandscapeLeft UIInterfaceOrientationLandscapeRight";
				IPHONEOS_DEPLOYMENT_TARGET = 14.0;
				LD_RUNPATH_SEARCH_PATHS = (
					"$(inherited)",
					"@executable_path/Frameworks",
				);
				MARKETING_VERSION = 1.0;
				PRODUCT_BUNDLE_IDENTIFIER = "com.iOS.Nihilent-Task";
				PRODUCT_NAME = "$(TARGET_NAME)";
				SWIFT_EMIT_LOC_STRINGS = YES;
				SWIFT_VERSION = 5.0;
				TARGETED_DEVICE_FAMILY = "1,2";
			};
			name = Debug;
		};
		C2791B5D2A68EB90009D0446 /* Release */ = {
			isa = XCBuildConfiguration;
			buildSettings = {
				ASSETCATALOG_COMPILER_APPICON_NAME = AppIcon;
				ASSETCATALOG_COMPILER_GLOBAL_ACCENT_COLOR_NAME = AccentColor;
				CODE_SIGN_STYLE = Automatic;
				CURRENT_PROJECT_VERSION = 1;
				DEVELOPMENT_ASSET_PATHS = "\"Nihilent Task/Preview Content\"";
				DEVELOPMENT_TEAM = CJHJ6PHVTM;
				ENABLE_PREVIEWS = YES;
				GENERATE_INFOPLIST_FILE = YES;
				INFOPLIST_KEY_UIApplicationSceneManifest_Generation = YES;
				INFOPLIST_KEY_UIApplicationSupportsIndirectInputEvents = YES;
				INFOPLIST_KEY_UILaunchScreen_Generation = YES;
				INFOPLIST_KEY_UISupportedInterfaceOrientations_iPad = "UIInterfaceOrientationPortrait UIInterfaceOrientationPortraitUpsideDown UIInterfaceOrientationLandscapeLeft UIInterfaceOrientationLandscapeRight";
				INFOPLIST_KEY_UISupportedInterfaceOrientations_iPhone = "UIInterfaceOrientationPortrait UIInterfaceOrientationLandscapeLeft UIInterfaceOrientationLandscapeRight";
				IPHONEOS_DEPLOYMENT_TARGET = 14.0;
				LD_RUNPATH_SEARCH_PATHS = (
					"$(inherited)",
					"@executable_path/Frameworks",
				);
				MARKETING_VERSION = 1.0;
				PRODUCT_BUNDLE_IDENTIFIER = "com.iOS.Nihilent-Task";
				PRODUCT_NAME = "$(TARGET_NAME)";
				SWIFT_EMIT_LOC_STRINGS = YES;
				SWIFT_VERSION = 5.0;
				TARGETED_DEVICE_FAMILY = "1,2";
			};
			name = Release;
		};
		C2791B5F2A68EB90009D0446 /* Debug */ = {
			isa = XCBuildConfiguration;
			buildSettings = {
				ALWAYS_EMBED_SWIFT_STANDARD_LIBRARIES = YES;
				BUNDLE_LOADER = "$(TEST_HOST)";
				CLANG_ENABLE_MODULES = YES;
				CODE_SIGN_STYLE = Automatic;
				CURRENT_PROJECT_VERSION = 1;
				DEVELOPMENT_TEAM = CJHJ6PHVTM;
				GENERATE_INFOPLIST_FILE = YES;
				IPHONEOS_DEPLOYMENT_TARGET = 16.1;
				LD_RUNPATH_SEARCH_PATHS = (
					"$(inherited)",
					"@executable_path/Frameworks",
					"@loader_path/Frameworks",
				);
				MARKETING_VERSION = 1.0;
				PRODUCT_BUNDLE_IDENTIFIER = "com.iOS.Nihilent-TaskTests";
				PRODUCT_NAME = "$(TARGET_NAME)";
				SWIFT_EMIT_LOC_STRINGS = NO;
				SWIFT_OBJC_BRIDGING_HEADER = "Nihilent TaskTests/Nihilent TaskTests-Bridging-Header.h";
				SWIFT_OPTIMIZATION_LEVEL = "-Onone";
				SWIFT_VERSION = 5.0;
				TARGETED_DEVICE_FAMILY = "1,2";
				TEST_HOST = "$(BUILT_PRODUCTS_DIR)/Nihilent Task.app/$(BUNDLE_EXECUTABLE_FOLDER_PATH)/Nihilent Task";
			};
			name = Debug;
		};
		C2791B602A68EB90009D0446 /* Release */ = {
			isa = XCBuildConfiguration;
			buildSettings = {
				ALWAYS_EMBED_SWIFT_STANDARD_LIBRARIES = YES;
				BUNDLE_LOADER = "$(TEST_HOST)";
				CLANG_ENABLE_MODULES = YES;
				CODE_SIGN_STYLE = Automatic;
				CURRENT_PROJECT_VERSION = 1;
				DEVELOPMENT_TEAM = CJHJ6PHVTM;
				GENERATE_INFOPLIST_FILE = YES;
				IPHONEOS_DEPLOYMENT_TARGET = 16.1;
				LD_RUNPATH_SEARCH_PATHS = (
					"$(inherited)",
					"@executable_path/Frameworks",
					"@loader_path/Frameworks",
				);
				MARKETING_VERSION = 1.0;
				PRODUCT_BUNDLE_IDENTIFIER = "com.iOS.Nihilent-TaskTests";
				PRODUCT_NAME = "$(TARGET_NAME)";
				SWIFT_EMIT_LOC_STRINGS = NO;
				SWIFT_OBJC_BRIDGING_HEADER = "Nihilent TaskTests/Nihilent TaskTests-Bridging-Header.h";
				SWIFT_VERSION = 5.0;
				TARGETED_DEVICE_FAMILY = "1,2";
				TEST_HOST = "$(BUILT_PRODUCTS_DIR)/Nihilent Task.app/$(BUNDLE_EXECUTABLE_FOLDER_PATH)/Nihilent Task";
			};
			name = Release;
		};
		C2791B622A68EB90009D0446 /* Debug */ = {
			isa = XCBuildConfiguration;
			buildSettings = {
				ALWAYS_EMBED_SWIFT_STANDARD_LIBRARIES = YES;
				CODE_SIGN_STYLE = Automatic;
				CURRENT_PROJECT_VERSION = 1;
				DEVELOPMENT_TEAM = CJHJ6PHVTM;
				GENERATE_INFOPLIST_FILE = YES;
				MARKETING_VERSION = 1.0;
				PRODUCT_BUNDLE_IDENTIFIER = "com.iOS.Nihilent-TaskUITests";
				PRODUCT_NAME = "$(TARGET_NAME)";
				SWIFT_EMIT_LOC_STRINGS = NO;
				SWIFT_VERSION = 5.0;
				TARGETED_DEVICE_FAMILY = "1,2";
				TEST_TARGET_NAME = "Nihilent Task";
			};
			name = Debug;
		};
		C2791B632A68EB90009D0446 /* Release */ = {
			isa = XCBuildConfiguration;
			buildSettings = {
				ALWAYS_EMBED_SWIFT_STANDARD_LIBRARIES = YES;
				CODE_SIGN_STYLE = Automatic;
				CURRENT_PROJECT_VERSION = 1;
				DEVELOPMENT_TEAM = CJHJ6PHVTM;
				GENERATE_INFOPLIST_FILE = YES;
				MARKETING_VERSION = 1.0;
				PRODUCT_BUNDLE_IDENTIFIER = "com.iOS.Nihilent-TaskUITests";
				PRODUCT_NAME = "$(TARGET_NAME)";
				SWIFT_EMIT_LOC_STRINGS = NO;
				SWIFT_VERSION = 5.0;
				TARGETED_DEVICE_FAMILY = "1,2";
				TEST_TARGET_NAME = "Nihilent Task";
			};
			name = Release;
		};
/* End XCBuildConfiguration section */

/* Begin XCConfigurationList section */
		C2791B322A68EB8D009D0446 /* Build configuration list for PBXProject "Nihilent Task" */ = {
			isa = XCConfigurationList;
			buildConfigurations = (
				C2791B592A68EB90009D0446 /* Debug */,
				C2791B5A2A68EB90009D0446 /* Release */,
			);
			defaultConfigurationIsVisible = 0;
			defaultConfigurationName = Release;
		};
		C2791B5B2A68EB90009D0446 /* Build configuration list for PBXNativeTarget "Nihilent Task" */ = {
			isa = XCConfigurationList;
			buildConfigurations = (
				C2791B5C2A68EB90009D0446 /* Debug */,
				C2791B5D2A68EB90009D0446 /* Release */,
			);
			defaultConfigurationIsVisible = 0;
			defaultConfigurationName = Release;
		};
		C2791B5E2A68EB90009D0446 /* Build configuration list for PBXNativeTarget "Nihilent TaskTests" */ = {
			isa = XCConfigurationList;
			buildConfigurations = (
				C2791B5F2A68EB90009D0446 /* Debug */,
				C2791B602A68EB90009D0446 /* Release */,
			);
			defaultConfigurationIsVisible = 0;
			defaultConfigurationName = Release;
		};
		C2791B612A68EB90009D0446 /* Build configuration list for PBXNativeTarget "Nihilent TaskUITests" */ = {
			isa = XCConfigurationList;
			buildConfigurations = (
				C2791B622A68EB90009D0446 /* Debug */,
				C2791B632A68EB90009D0446 /* Release */,
			);
			defaultConfigurationIsVisible = 0;
			defaultConfigurationName = Release;
		};
/* End XCConfigurationList section */

/* Begin XCVersionGroup section */
		C2791B8F2A69A330009D0446 /* FavoriteProduct.xcdatamodeld */ = {
			isa = XCVersionGroup;
			children = (
				C2791B902A69A330009D0446 /* FavoriteProduct.xcdatamodel */,
			);
			currentVersion = C2791B902A69A330009D0446 /* FavoriteProduct.xcdatamodel */;
			path = FavoriteProduct.xcdatamodeld;
			sourceTree = "<group>";
			versionGroupType = wrapper.xcdatamodel;
		};
/* End XCVersionGroup section */
	};
	rootObject = C2791B2F2A68EB8D009D0446 /* Project object */;
}
